
Microsoft Visual Studio Solution File, Format Version 12.00
# Visual Studio Version 16
VisualStudioVersion = 16.0.29230.47
MinimumVisualStudioVersion = 10.0.40219.1
Project("{FAE04EC0-301F-11D3-BF4B-00C04F79EFBC}") = "Scotty_Blog", "Scotty_Blog\Scotty_Blog.csproj", "{FFBB6C99-BD8F-43D5-9607-9A87E2FC284C}"
EndProject
Global
	GlobalSection(SolutionConfigurationPlatforms) = preSolution
		Debug|Any CPU = Debug|Any CPU
		Release|Any CPU = Release|Any CPU
	EndGlobalSection
	GlobalSection(ProjectConfigurationPlatforms) = postSolution
		{FFBB6C99-BD8F-43D5-9607-9A87E2FC284C}.Debug|Any CPU.ActiveCfg = Debug|Any CPU
		{FFBB6C99-BD8F-43D5-9607-9A87E2FC284C}.Debug|Any CPU.Build.0 = Debug|Any CPU
		{FFBB6C99-BD8F-43D5-9607-9A87E2FC284C}.Release|Any CPU.ActiveCfg = Release|Any CPU
		{FFBB6C99-BD8F-43D5-9607-9A87E2FC284C}.Release|Any CPU.Build.0 = Release|Any CPU
	EndGlobalSection
	GlobalSection(SolutionProperties) = preSolution
		HideSolutionNode = FALSE
	EndGlobalSection
	GlobalSection(ExtensibilityGlobals) = postSolution
		SolutionGuid = {24056740-AE85-4510-8528-18889E8FF775}
	EndGlobalSection
EndGlobal
